{
  "name": "dish-pglite-support",
  "version": "1.0.0",
  "lockfileVersion": 3,
  "requires": true,
  "packages": {
    "": {
      "name": "dish-pglite-support",
      "dependencies": {
        "@electric-sql/pglite": "^0.5.4",
        "@electric-sql/pglite-socket": "^0.2.7"
      }
    },
    "node_modules/@electric-sql/pglite": {
      "version": "0.5.4",
      "resolved": "https://registry.npmjs.org/@electric-sql/pglite/-/pglite-0.5.4.tgz",
      "integrity": "sha512-yYZUyyXrHU7tPlCjwZQJ6hIG9DscdCCn7Uk0mYKwC1FeHX286AbcmFveMiRBEak8e9iPupjsoVImN3yJZVed2g==",
      "license": "Apache-2.0"
    },
    "node_modules/@electric-sql/pglite-age": {
      "version": "0.0.5",
      "resolved": "https://registry.npmjs.org/@electric-sql/pglite-age/-/pglite-age-0.0.5.tgz",
      "integrity": "sha512-0PoZu8c5tkvqvVrS77Wcz3hK+nSGw8u8omX8cOWzrg7P95lvS3t4ie9tg5RUPSoFS3xkGJFMBwrqWm5BHTDjiQ==",
      "license": "Apache-2.0",
      "peer": true,
      "peerDependencies": {
        "@electric-sql/pglite": "0.5.4"
      }
    },
    "node_modules/@electric-sql/pglite-pg_hashids": {
      "version": "0.0.5",
      "resolved": "https://registry.npmjs.org/@electric-sql/pglite-pg_hashids/-/pglite-pg_hashids-0.0.5.tgz",
      "integrity": "sha512-z8iR0ui18LiK8QBCQfq4vrzMIBEUROdYPWJSG5f91v8JHv0lbCc5B/qw5pSKnoht1pXlH0yPcvLF/+GuMYSRdQ==",
      "license": "Apache-2.0",
      "peer": true,
      "peerDependencies": {
        "@electric-sql/pglite": "0.5.4"
      }
    },
    "node_modules/@electric-sql/pglite-pg_ivm": {
      "version": "0.0.5",
      "resolved": "https://registry.npmjs.org/@electric-sql/pglite-pg_ivm/-/pglite-pg_ivm-0.0.5.tgz",
      "integrity": "sha512-xx9IjXcRmbHivVLB9DbaA9MsMx8vJGk+cqN2N592oCoKqe+k7SXcUuRh/PSglS7jaHPXM/KvE7KDOh+lip3LfA==",
      "license": "Apache-2.0",
      "peer": true,
      "peerDependencies": {
        "@electric-sql/pglite": "0.5.4"
      }
    },
    "node_modules/@electric-sql/pglite-pg_textsearch": {
      "version": "0.0.6",
      "resolved": "https://registry.npmjs.org/@electric-sql/pglite-pg_textsearch/-/pglite-pg_textsearch-0.0.6.tgz",
      "integrity": "sha512-n5lTjivQn/ZvVFdMoW3Rn9u30S0LeAh/sOmjKptnF0nsTa1zIZxa0mAuynzIKrMoUQ0wOFHyB3mj1lIK2UWHUA==",
      "license": "Apache-2.0",
      "peer": true,
      "peerDependencies": {
        "@electric-sql/pglite": "0.5.4"
      }
    },
    "node_modules/@electric-sql/pglite-pg_uuidv7": {
      "version": "0.0.5",
      "resolved": "https://registry.npmjs.org/@electric-sql/pglite-pg_uuidv7/-/pglite-pg_uuidv7-0.0.5.tgz",
      "integrity": "sha512-uAatun9hKF6TKYZBc83SaU+snWsg6v2cRatzmty+3e6ai4yDpcOMJBjmA+I73ec0Dk6tykEDsgcsJ0+Eg8af+Q==",
      "license": "Apache-2.0",
      "peer": true,
      "peerDependencies": {
        "@electric-sql/pglite": "0.5.4"
      }
    },
    "node_modules/@electric-sql/pglite-pgtap": {
      "version": "0.0.5",
      "resolved": "https://registry.npmjs.org/@electric-sql/pglite-pgtap/-/pglite-pgtap-0.0.5.tgz",
      "integrity": "sha512-Bf2L2mcsN8AjqZJVXKoUOIaXljtrapclfgrgx4MN2UMLxJtzoPju0KR9aD89mi09eJEMZuKIDsKrtEdXUPuzLQ==",
      "license": "Apache-2.0",
      "peer": true,
      "peerDependencies": {
        "@electric-sql/pglite": "0.5.4"
      }
    },
    "node_modules/@electric-sql/pglite-pgvector": {
      "version": "0.0.5",
      "resolved": "https://registry.npmjs.org/@electric-sql/pglite-pgvector/-/pglite-pgvector-0.0.5.tgz",
      "integrity": "sha512-KEPAkD/3FN6WlDM6XPi2Ko1Xk0ecjOU9OfzCoclVkiRoEVNRYwKo1iO+tlkelMgp07SszmSC4JdSBueH2p7uOQ==",
      "license": "Apache-2.0",
      "peer": true,
      "peerDependencies": {
        "@electric-sql/pglite": "0.5.4"
      }
    },
    "node_modules/@electric-sql/pglite-socket": {
      "version": "0.2.7",
      "resolved": "https://registry.npmjs.org/@electric-sql/pglite-socket/-/pglite-socket-0.2.7.tgz",
      "integrity": "sha512-lhYx1OOVueiWJRa2Uj1QiIjCWmpRnYLNs5rRH/g47EqrYXP/Qt3VvcXGGum4uIouKKMVlPlkXb6E5Uw0aHRymw==",
      "license": "Apache-2.0",
      "bin": {
        "pglite-server": "dist/scripts/server.js"
      },
      "peerDependencies": {
        "@electric-sql/pglite": "0.5.4",
        "@electric-sql/pglite-age": "0.0.5",
        "@electric-sql/pglite-pg_hashids": "0.0.5",
        "@electric-sql/pglite-pg_ivm": "0.0.5",
        "@electric-sql/pglite-pg_textsearch": "0.0.6",
        "@electric-sql/pglite-pg_uuidv7": "0.0.5",
        "@electric-sql/pglite-pgtap": "0.0.5",
        "@electric-sql/pglite-pgvector": "0.0.5"
      }
    }
  }
}
